
Microsoft Visual Studio Solution File, Format Version 12.00
# Visual Studio Version 16
VisualStudioVersion = 16.0.30413.136
MinimumVisualStudioVersion = 10.0.40219.1
Project("{FAE04EC0-301F-11D3-BF4B-00C04F79EFBC}") = "Paises.UWP", "Paises\Paises.UWP\Paises.UWP.csproj", "{23A301E9-C307-4059-8369-DAB862D0BF28}"
EndProject
Project("{FAE04EC0-301F-11D3-BF4B-00C04F79EFBC}") = "Paises.Android", "Paises\Paises.Android\Paises.Android.csproj", "{46EFD3D2-9478-470D-BD70-5B1D5456C424}"
EndProject
Project("{FAE04EC0-301F-11D3-BF4B-00C04F79EFBC}") = "Paises.iOS", "Paises\Paises.iOS\Paises.iOS.csproj", "{3231A9F7-FF56-433A-A469-6B5BC8E484C5}"
EndProject
Project("{FAE04EC0-301F-11D3-BF4B-00C04F79EFBC}") = "Paises", "Paises\Paises\Paises.csproj", "{7C72CCD6-3011-4E5F-BD96-09F78297F8DC}"
EndProject
Global
	GlobalSection(SolutionConfigurationPlatforms) = preSolution
		Debug|Any CPU = Debug|Any CPU
		Debug|ARM = Debug|ARM
		Debug|iPhone = Debug|iPhone
		Debug|iPhoneSimulator = Debug|iPhoneSimulator
		Debug|x64 = Debug|x64
		Debug|x86 = Debug|x86
		Release|Any CPU = Release|Any CPU
		Release|ARM = Release|ARM
		Release|iPhone = Release|iPhone
		Release|iPhoneSimulator = Release|iPhoneSimulator
		Release|x64 = Release|x64
		Release|x86 = Release|x86
	EndGlobalSection
	GlobalSection(ProjectConfigurationPlatforms) = postSolution
		{23A301E9-C307-4059-8369-DAB862D0BF28}.Debug|Any CPU.ActiveCfg = Debug|x86
		{23A301E9-C307-4059-8369-DAB862D0BF28}.Debug|Any CPU.Build.0 = Debug|x86
		{23A301E9-C307-4059-8369-DAB862D0BF28}.Debug|Any CPU.Deploy.0 = Debug|x86
		{23A301E9-C307-4059-8369-DAB862D0BF28}.Debug|ARM.ActiveCfg = Debug|ARM
		{23A301E9-C307-4059-8369-DAB862D0BF28}.Debug|ARM.Build.0 = Debug|ARM
		{23A301E9-C307-4059-8369-DAB862D0BF28}.Debug|ARM.Deploy.0 = Debug|ARM
		{23A301E9-C307-4059-8369-DAB862D0BF28}.Debug|iPhone.ActiveCfg = Debug|x86
		{23A301E9-C307-4059-8369-DAB862D0BF28}.Debug|iPhone.Build.0 = Debug|x86
		{23A301E9-C307-4059-8369-DAB862D0BF28}.Debug|iPhone.Deploy.0 = Debug|x86
		{23A301E9-C307-4059-8369-DAB862D0BF28}.Debug|iPhoneSimulator.ActiveCfg = Debug|x86
		{23A301E9-C307-4059-8369-DAB862D0BF28}.Debug|iPhoneSimulator.Build.0 = Debug|x86
		{23A301E9-C307-4059-8369-DAB862D0BF28}.Debug|iPhoneSimulator.Deploy.0 = Debug|x86
		{23A301E9-C307-4059-8369-DAB862D0BF28}.Debug|x64.ActiveCfg = Debug|x64
		{23A301E9-C307-4059-8369-DAB862D0BF28}.Debug|x64.Build.0 = Debug|x64
		{23A301E9-C307-4059-8369-DAB862D0BF28}.Debug|x64.Deploy.0 = Debug|x64
		{23A301E9-C307-4059-8369-DAB862D0BF28}.Debug|x86.ActiveCfg = Debug|x86
		{23A301E9-C307-4059-8369-DAB862D0BF28}.Debug|x86.Build.0 = Debug|x86
		{23A301E9-C307-4059-8369-DAB862D0BF28}.Debug|x86.Deploy.0 = Debug|x86
		{23A301E9-C307-4059-8369-DAB862D0BF28}.Release|Any CPU.ActiveCfg = Release|x86
		{23A301E9-C307-4059-8369-DAB862D0BF28}.Release|Any CPU.Build.0 = Release|x86
		{23A301E9-C307-4059-8369-DAB862D0BF28}.Release|Any CPU.Deploy.0 = Release|x86
		{23A301E9-C307-4059-8369-DAB862D0BF28}.Release|ARM.ActiveCfg = Release|ARM
		{23A301E9-C307-4059-8369-DAB862D0BF28}.Release|ARM.Build.0 = Release|ARM
		{23A301E9-C307-4059-8369-DAB862D0BF28}.Release|ARM.Deploy.0 = Release|ARM
		{23A301E9-C307-4059-8369-DAB862D0BF28}.Release|iPhone.ActiveCfg = Release|x86
		{23A301E9-C307-4059-8369-DAB862D0BF28}.Release|iPhone.Build.0 = Release|x86
		{23A301E9-C307-4059-8369-DAB862D0BF28}.Release|iPhone.Deploy.0 = Release|x86
		{23A301E9-C307-4059-8369-DAB862D0BF28}.Release|iPhoneSimulator.ActiveCfg = Release|x86
		{23A301E9-C307-4059-8369-DAB862D0BF28}.Release|iPhoneSimulator.Build.0 = Release|x86
		{23A301E9-C307-4059-8369-DAB862D0BF28}.Release|iPhoneSimulator.Deploy.0 = Release|x86
		{23A301E9-C307-4059-8369-DAB862D0BF28}.Release|x64.ActiveCfg = Release|x64
		{23A301E9-C307-4059-8369-DAB862D0BF28}.Release|x64.Build.0 = Release|x64
		{23A301E9-C307-4059-8369-DAB862D0BF28}.Release|x64.Deploy.0 = Release|x64
		{23A301E9-C307-4059-8369-DAB862D0BF28}.Release|x86.ActiveCfg = Release|x86
		{23A301E9-C307-4059-8369-DAB862D0BF28}.Release|x86.Build.0 = Release|x86
		{23A301E9-C307-4059-8369-DAB862D0BF28}.Release|x86.Deploy.0 = Release|x86
		{46EFD3D2-9478-470D-BD70-5B1D5456C424}.Debug|Any CPU.ActiveCfg = Debug|Any CPU
		{46EFD3D2-9478-470D-BD70-5B1D5456C424}.Debug|Any CPU.Build.0 = Debug|Any CPU
		{46EFD3D2-9478-470D-BD70-5B1D5456C424}.Debug|Any CPU.Deploy.0 = Debug|Any CPU
		{46EFD3D2-9478-470D-BD70-5B1D5456C424}.Debug|ARM.ActiveCfg = Debug|Any CPU
		{46EFD3D2-9478-470D-BD70-5B1D5456C424}.Debug|ARM.Build.0 = Debug|Any CPU
		{46EFD3D2-9478-470D-BD70-5B1D5456C424}.Debug|ARM.Deploy.0 = Debug|Any CPU
		{46EFD3D2-9478-470D-BD70-5B1D5456C424}.Debug|iPhone.ActiveCfg = Debug|Any CPU
		{46EFD3D2-9478-470D-BD70-5B1D5456C424}.Debug|iPhone.Build.0 = Debug|Any CPU
		{46EFD3D2-9478-470D-BD70-5B1D5456C424}.Debug|iPhone.Deploy.0 = Debug|Any CPU
		{46EFD3D2-9478-470D-BD70-5B1D5456C424}.Debug|iPhoneSimulator.ActiveCfg = Debug|Any CPU
		{46EFD3D2-9478-470D-BD70-5B1D5456C424}.Debug|iPhoneSimulator.Build.0 = Debug|Any CPU
		{46EFD3D2-9478-470D-BD70-5B1D5456C424}.Debug|iPhoneSimulator.Deploy.0 = Debug|Any CPU
		{46EFD3D2-9478-470D-BD70-5B1D5456C424}.Debug|x64.ActiveCfg = Debug|Any CPU
		{46EFD3D2-9478-470D-BD70-5B1D5456C424}.Debug|x64.Build.0 = Debug|Any CPU
		{46EFD3D2-9478-470D-BD70-5B1D5456C424}.Debug|x64.Deploy.0 = Debug|Any CPU
		{46EFD3D2-9478-470D-BD70-5B1D5456C424}.Debug|x86.ActiveCfg = Debug|Any CPU
		{46EFD3D2-9478-470D-BD70-5B1D5456C424}.Debug|x86.Build.0 = Debug|Any CPU
		{46EFD3D2-9478-470D-BD70-5B1D5456C424}.Debug|x86.Deploy.0 = Debug|Any CPU
		{46EFD3D2-9478-470D-BD70-5B1D5456C424}.Release|Any CPU.ActiveCfg = Release|Any CPU
		{46EFD3D2-9478-470D-BD70-5B1D5456C424}.Release|Any CPU.Build.0 = Release|Any CPU
		{46EFD3D2-9478-470D-BD70-5B1D5456C424}.Release|Any CPU.Deploy.0 = Release|Any CPU
		{46EFD3D2-9478-470D-BD70-5B1D5456C424}.Release|ARM.ActiveCfg = Release|Any CPU
		{46EFD3D2-9478-470D-BD70-5B1D5456C424}.Release|ARM.Build.0 = Release|Any CPU
		{46EFD3D2-9478-470D-BD70-5B1D5456C424}.Release|ARM.Deploy.0 = Release|Any CPU
		{46EFD3D2-9478-470D-BD70-5B1D5456C424}.Release|iPhone.ActiveCfg = Release|Any CPU
		{46EFD3D2-9478-470D-BD70-5B1D5456C424}.Release|iPhone.Build.0 = Release|Any CPU
		{46EFD3D2-9478-470D-BD70-5B1D5456C424}.Release|iPhone.Deploy.0 = Release|Any CPU
		{46EFD3D2-9478-470D-BD70-5B1D5456C424}.Release|iPhoneSimulator.ActiveCfg = Release|Any CPU
		{46EFD3D2-9478-470D-BD70-5B1D5456C424}.Release|iPhoneSimulator.Build.0 = Release|Any CPU
		{46EFD3D2-9478-470D-BD70-5B1D5456C424}.Release|iPhoneSimulator.Deploy.0 = Release|Any CPU
		{46EFD3D2-9478-470D-BD70-5B1D5456C424}.Release|x64.ActiveCfg = Release|Any CPU
		{46EFD3D2-9478-470D-BD70-5B1D5456C424}.Release|x64.Build.0 = Release|Any CPU
		{46EFD3D2-9478-470D-BD70-5B1D5456C424}.Release|x64.Deploy.0 = Release|Any CPU
		{46EFD3D2-9478-470D-BD70-5B1D5456C424}.Release|x86.ActiveCfg = Release|Any CPU
		{46EFD3D2-9478-470D-BD70-5B1D5456C424}.Release|x86.Build.0 = Release|Any CPU
		{46EFD3D2-9478-470D-BD70-5B1D5456C424}.Release|x86.Deploy.0 = Release|Any CPU
		{3231A9F7-FF56-433A-A469-6B5BC8E484C5}.Debug|Any CPU.ActiveCfg = Debug|iPhone
		{3231A9F7-FF56-433A-A469-6B5BC8E484C5}.Debug|Any CPU.Build.0 = Debug|iPhone
		{3231A9F7-FF56-433A-A469-6B5BC8E484C5}.Debug|Any CPU.Deploy.0 = Debug|iPhone
		{3231A9F7-FF56-433A-A469-6B5BC8E484C5}.Debug|ARM.ActiveCfg = Debug|iPhone
		{3231A9F7-FF56-433A-A469-6B5BC8E484C5}.Debug|ARM.Build.0 = Debug|iPhone
		{3231A9F7-FF56-433A-A469-6B5BC8E484C5}.Debug|ARM.Deploy.0 = Debug|iPhone
		{3231A9F7-FF56-433A-A469-6B5BC8E484C5}.Debug|iPhone.ActiveCfg = Debug|iPhone
		{3231A9F7-FF56-433A-A469-6B5BC8E484C5}.Debug|iPhone.Build.0 = Debug|iPhone
		{3231A9F7-FF56-433A-A469-6B5BC8E484C5}.Debug|iPhone.Deploy.0 = Debug|iPhone
		{3231A9F7-FF56-433A-A469-6B5BC8E484C5}.Debug|iPhoneSimulator.ActiveCfg = Debug|iPhoneSimulator
		{3231A9F7-FF56-433A-A469-6B5BC8E484C5}.Debug|iPhoneSimulator.Build.0 = Debug|iPhoneSimulator
		{3231A9F7-FF56-433A-A469-6B5BC8E484C5}.Debug|iPhoneSimulator.Deploy.0 = Debug|iPhoneSimulator
		{3231A9F7-FF56-433A-A469-6B5BC8E484C5}.Debug|x64.ActiveCfg = Debug|iPhone
		{3231A9F7-FF56-433A-A469-6B5BC8E484C5}.Debug|x64.Build.0 = Debug|iPhone
		{3231A9F7-FF56-433A-A469-6B5BC8E484C5}.Debug|x64.Deploy.0 = Debug|iPhone
		{3231A9F7-FF56-433A-A469-6B5BC8E484C5}.Debug|x86.ActiveCfg = Debug|iPhone
		{3231A9F7-FF56-433A-A469-6B5BC8E484C5}.Debug|x86.Build.0 = Debug|iPhone
		{3231A9F7-FF56-433A-A469-6B5BC8E484C5}.Debug|x86.Deploy.0 = Debug|iPhone
		{3231A9F7-FF56-433A-A469-6B5BC8E484C5}.Release|Any CPU.ActiveCfg = Release|iPhone
		{3231A9F7-FF56-433A-A469-6B5BC8E484C5}.Release|Any CPU.Build.0 = Release|iPhone
		{3231A9F7-FF56-433A-A469-6B5BC8E484C5}.Release|Any CPU.Deploy.0 = Release|iPhone
		{3231A9F7-FF56-433A-A469-6B5BC8E484C5}.Release|ARM.ActiveCfg = Release|iPhone
		{3231A9F7-FF56-433A-A469-6B5BC8E484C5}.Release|ARM.Build.0 = Release|iPhone
		{3231A9F7-FF56-433A-A469-6B5BC8E484C5}.Release|ARM.Deploy.0 = Release|iPhone
		{3231A9F7-FF56-433A-A469-6B5BC8E484C5}.Release|iPhone.ActiveCfg = Release|iPhone
		{3231A9F7-FF56-433A-A469-6B5BC8E484C5}.Release|iPhone.Build.0 = Release|iPhone
		{3231A9F7-FF56-433A-A469-6B5BC8E484C5}.Release|iPhone.Deploy.0 = Release|iPhone
		{3231A9F7-FF56-433A-A469-6B5BC8E484C5}.Release|iPhoneSimulator.ActiveCfg = Release|iPhoneSimulator
		{3231A9F7-FF56-433A-A469-6B5BC8E484C5}.Release|iPhoneSimulator.Build.0 = Release|iPhoneSimulator
		{3231A9F7-FF56-433A-A469-6B5BC8E484C5}.Release|iPhoneSimulator.Deploy.0 = Release|iPhoneSimulator
		{3231A9F7-FF56-433A-A469-6B5BC8E484C5}.Release|x64.ActiveCfg = Release|iPhone
		{3231A9F7-FF56-433A-A469-6B5BC8E484C5}.Release|x64.Build.0 = Release|iPhone
		{3231A9F7-FF56-433A-A469-6B5BC8E484C5}.Release|x64.Deploy.0 = Release|iPhone
		{3231A9F7-FF56-433A-A469-6B5BC8E484C5}.Release|x86.ActiveCfg = Release|iPhone
		{3231A9F7-FF56-433A-A469-6B5BC8E484C5}.Release|x86.Build.0 = Release|iPhone
		{3231A9F7-FF56-433A-A469-6B5BC8E484C5}.Release|x86.Deploy.0 = Release|iPhone
		{7C72CCD6-3011-4E5F-BD96-09F78297F8DC}.Debug|Any CPU.ActiveCfg = Debug|Any CPU
		{7C72CCD6-3011-4E5F-BD96-09F78297F8DC}.Debug|Any CPU.Build.0 = Debug|Any CPU
		{7C72CCD6-3011-4E5F-BD96-09F78297F8DC}.Debug|Any CPU.Deploy.0 = Debug|Any CPU
		{7C72CCD6-3011-4E5F-BD96-09F78297F8DC}.Debug|ARM.ActiveCfg = Debug|Any CPU
		{7C72CCD6-3011-4E5F-BD96-09F78297F8DC}.Debug|ARM.Build.0 = Debug|Any CPU
		{7C72CCD6-3011-4E5F-BD96-09F78297F8DC}.Debug|ARM.Deploy.0 = Debug|Any CPU
		{7C72CCD6-3011-4E5F-BD96-09F78297F8DC}.Debug|iPhone.ActiveCfg = Debug|Any CPU
		{7C72CCD6-3011-4E5F-BD96-09F78297F8DC}.Debug|iPhone.Build.0 = Debug|Any CPU
		{7C72CCD6-3011-4E5F-BD96-09F78297F8DC}.Debug|iPhone.Deploy.0 = Debug|Any CPU
		{7C72CCD6-3011-4E5F-BD96-09F78297F8DC}.Debug|iPhoneSimulator.ActiveCfg = Debug|Any CPU
		{7C72CCD6-3011-4E5F-BD96-09F78297F8DC}.Debug|iPhoneSimulator.Build.0 = Debug|Any CPU
		{7C72CCD6-3011-4E5F-BD96-09F78297F8DC}.Debug|iPhoneSimulator.Deploy.0 = Debug|Any CPU
		{7C72CCD6-3011-4E5F-BD96-09F78297F8DC}.Debug|x64.ActiveCfg = Debug|Any CPU
		{7C72CCD6-3011-4E5F-BD96-09F78297F8DC}.Debug|x64.Build.0 = Debug|Any CPU
		{7C72CCD6-3011-4E5F-BD96-09F78297F8DC}.Debug|x64.Deploy.0 = Debug|Any CPU
		{7C72CCD6-3011-4E5F-BD96-09F78297F8DC}.Debug|x86.ActiveCfg = Debug|Any CPU
		{7C72CCD6-3011-4E5F-BD96-09F78297F8DC}.Debug|x86.Build.0 = Debug|Any CPU
		{7C72CCD6-3011-4E5F-BD96-09F78297F8DC}.Debug|x86.Deploy.0 = Debug|Any CPU
		{7C72CCD6-3011-4E5F-BD96-09F78297F8DC}.Release|Any CPU.ActiveCfg = Release|Any CPU
		{7C72CCD6-3011-4E5F-BD96-09F78297F8DC}.Release|Any CPU.Build.0 = Release|Any CPU
		{7C72CCD6-3011-4E5F-BD96-09F78297F8DC}.Release|Any CPU.Deploy.0 = Release|Any CPU
		{7C72CCD6-3011-4E5F-BD96-09F78297F8DC}.Release|ARM.ActiveCfg = Release|Any CPU
		{7C72CCD6-3011-4E5F-BD96-09F78297F8DC}.Release|ARM.Build.0 = Release|Any CPU
		{7C72CCD6-3011-4E5F-BD96-09F78297F8DC}.Release|ARM.Deploy.0 = Release|Any CPU
		{7C72CCD6-3011-4E5F-BD96-09F78297F8DC}.Release|iPhone.ActiveCfg = Release|Any CPU
		{7C72CCD6-3011-4E5F-BD96-09F78297F8DC}.Release|iPhone.Build.0 = Release|Any CPU
		{7C72CCD6-3011-4E5F-BD96-09F78297F8DC}.Release|iPhone.Deploy.0 = Release|Any CPU
		{7C72CCD6-3011-4E5F-BD96-09F78297F8DC}.Release|iPhoneSimulator.ActiveCfg = Release|Any CPU
		{7C72CCD6-3011-4E5F-BD96-09F78297F8DC}.Release|iPhoneSimulator.Build.0 = Release|Any CPU
		{7C72CCD6-3011-4E5F-BD96-09F78297F8DC}.Release|iPhoneSimulator.Deploy.0 = Release|Any CPU
		{7C72CCD6-3011-4E5F-BD96-09F78297F8DC}.Release|x64.ActiveCfg = Release|Any CPU
		{7C72CCD6-3011-4E5F-BD96-09F78297F8DC}.Release|x64.Build.0 = Release|Any CPU
		{7C72CCD6-3011-4E5F-BD96-09F78297F8DC}.Release|x64.Deploy.0 = Release|Any CPU
		{7C72CCD6-3011-4E5F-BD96-09F78297F8DC}.Release|x86.ActiveCfg = Release|Any CPU
		{7C72CCD6-3011-4E5F-BD96-09F78297F8DC}.Release|x86.Build.0 = Release|Any CPU
		{7C72CCD6-3011-4E5F-BD96-09F78297F8DC}.Release|x86.Deploy.0 = Release|Any CPU
	EndGlobalSection
	GlobalSection(SolutionProperties) = preSolution
		HideSolutionNode = FALSE
	EndGlobalSection
	GlobalSection(ExtensibilityGlobals) = postSolution
		SolutionGuid = {34070937-A570-4C1C-B6E1-CB7CA9A3F445}
	EndGlobalSection
EndGlobal
